
Microsoft Visual Studio Solution File, Format Version 12.00
# Visual Studio Version 17
VisualStudioVersion = 17.0.32014.148
MinimumVisualStudioVersion = 10.0.40219.1
Project("{FAE04EC0-301F-11D3-BF4B-00C04F79EFBC}") = "WinFormsApp", "WinFormsApp\WinFormsApp.csproj", "{72529E11-EA5D-497D-898C-7D4FA195BC8C}"
EndProject
Global
	GlobalSection(SolutionConfigurationPlatforms) = preSolution
		Debug|Any CPU = Debug|Any CPU
		Release|Any CPU = Release|Any CPU
	EndGlobalSection
	GlobalSection(ProjectConfigurationPlatforms) = postSolution
		{72529E11-EA5D-497D-898C-7D4FA195BC8C}.Debug|Any CPU.ActiveCfg = Debug|Any CPU
		{72529E11-EA5D-497D-898C-7D4FA195BC8C}.Debug|Any CPU.Build.0 = Debug|Any CPU
		{72529E11-EA5D-497D-898C-7D4FA195BC8C}.Release|Any CPU.ActiveCfg = Release|Any CPU
		{72529E11-EA5D-497D-898C-7D4FA195BC8C}.Release|Any CPU.Build.0 = Release|Any CPU
	EndGlobalSection
	GlobalSection(SolutionProperties) = preSolution
		HideSolutionNode = FALSE
	EndGlobalSection
	GlobalSection(ExtensibilityGlobals) = postSolution
		SolutionGuid = {34C431D9-47CC-48B7-B3D2-B9C2D52BDB3A}
	EndGlobalSection
EndGlobal
