
Microsoft Visual Studio Solution File, Format Version 12.00
# Visual Studio Version 16
VisualStudioVersion = 16.0.28803.156
MinimumVisualStudioVersion = 10.0.40219.1
Project("{FAE04EC0-301F-11D3-BF4B-00C04F79EFBC}") = "WinFormsApp", "WinFormsApp\WinFormsApp.csproj", "{F2F9B08B-0E01-45D4-852C-F15A30ADB181}"
EndProject
Global
	GlobalSection(SolutionConfigurationPlatforms) = preSolution
		Debug|Any CPU = Debug|Any CPU
		Release|Any CPU = Release|Any CPU
	EndGlobalSection
	GlobalSection(ProjectConfigurationPlatforms) = postSolution
		{F2F9B08B-0E01-45D4-852C-F15A30ADB181}.Debug|Any CPU.ActiveCfg = Debug|Any CPU
		{F2F9B08B-0E01-45D4-852C-F15A30ADB181}.Debug|Any CPU.Build.0 = Debug|Any CPU
		{F2F9B08B-0E01-45D4-852C-F15A30ADB181}.Release|Any CPU.ActiveCfg = Release|Any CPU
		{F2F9B08B-0E01-45D4-852C-F15A30ADB181}.Release|Any CPU.Build.0 = Release|Any CPU
	EndGlobalSection
	GlobalSection(SolutionProperties) = preSolution
		HideSolutionNode = FALSE
	EndGlobalSection
	GlobalSection(ExtensibilityGlobals) = postSolution
		SolutionGuid = {34C431D9-47CC-48B7-B3D2-B9C2D52BDB3A}
	EndGlobalSection
EndGlobal
